
Microsoft Visual Studio Solution File, Format Version 12.00
# Visual Studio Version 16
VisualStudioVersion = 16.0.30225.117
MinimumVisualStudioVersion = 10.0.40219.1
Project("{FAE04EC0-301F-11D3-BF4B-00C04F79EFBC}") = "WebApplication3", "WebApplication3\WebApplication3.csproj", "{EAA8483B-34B1-46E8-ADBC-9F29BDA4A49C}"
EndProject
Global
	GlobalSection(SolutionConfigurationPlatforms) = preSolution
		Debug|Any CPU = Debug|Any CPU
		Release|Any CPU = Release|Any CPU
	EndGlobalSection
	GlobalSection(ProjectConfigurationPlatforms) = postSolution
		{EAA8483B-34B1-46E8-ADBC-9F29BDA4A49C}.Debug|Any CPU.ActiveCfg = Debug|Any CPU
		{EAA8483B-34B1-46E8-ADBC-9F29BDA4A49C}.Debug|Any CPU.Build.0 = Debug|Any CPU
		{EAA8483B-34B1-46E8-ADBC-9F29BDA4A49C}.Release|Any CPU.ActiveCfg = Release|Any CPU
		{EAA8483B-34B1-46E8-ADBC-9F29BDA4A49C}.Release|Any CPU.Build.0 = Release|Any CPU
	EndGlobalSection
	GlobalSection(SolutionProperties) = preSolution
		HideSolutionNode = FALSE
	EndGlobalSection
	GlobalSection(ExtensibilityGlobals) = postSolution
		SolutionGuid = {A0146862-FA68-41A4-9D8C-54E509DA6FF2}
	EndGlobalSection
EndGlobal
